
Microsoft Visual Studio Solution File, Format Version 12.00
# Visual Studio Version 17
VisualStudioVersion = 17.0.31903.59
MinimumVisualStudioVersion = 10.0.40219.1
Project("{FAE04EC0-301F-11D3-BF4B-00C04F79EFBC}") = "BS_CAD_STANDARD_V10_Plugin", "src\BS_CAD_STANDARD_V10_Plugin\BS_CAD_STANDARD_V10_Plugin.csproj", "{B1E2F3A4-C5D6-4E7F-8G9H-0I1J2K3L4M5N}"
EndProject
Global
	GlobalSection(SolutionConfigurationPlatforms) = preSolution
		Debug|Any CPU = Debug|Any CPU
		Release|Any CPU = Release|Any CPU
	EndGlobalSection
	GlobalSection(ProjectConfigurationPlatforms) = postSolution
		{B1E2F3A4-C5D6-4E7F-8G9H-0I1J2K3L4M5N}.Debug|Any CPU.ActiveCfg = Debug|Any CPU
		{B1E2F3A4-C5D6-4E7F-8G9H-0I1J2K3L4M5N}.Debug|Any CPU.Build.0 = Debug|Any CPU
		{B1E2F3A4-C5D6-4E7F-8G9H-0I1J2K3L4M5N}.Release|Any CPU.ActiveCfg = Release|Any CPU
		{B1E2F3A4-C5D6-4E7F-8G9H-0I1J2K3L4M5N}.Release|Any CPU.Build.0 = Release|Any CPU
	EndGlobalSection
	GlobalSection(SolutionProperties) = preSolution
		HideSolutionNode = FALSE
	EndGlobalSection
EndGlobal
